# This file is autogenerated, do not edit; changes may be undone by the next 'dep ensure'.


[[projects]]
  branch = "master"
  digest = "1:9e7c5138114ff9c51a60731b3a425c319305013c6ea8b3f60fd2435baba1a0db"
  name = "github.com/btcsuite/btcd"
  packages = ["btcec"]
  pruneopts = "UT"
  revision = "4063feeff79a0da1b08cc857e89d4602e91a294c"

[[projects]]
  digest = "1:05ffeeed3f0f05520de0679f6aa3219ffee69cfd6d9fb6c194879d4c818ad670"
  name = "github.com/coreos/go-semver"
  packages = ["semver"]
  pruneopts = "UT"
  revision = "e214231b295a8ea9479f11b70b35d5acf3556d9b"
  version = "v0.3.0"

[[projects]]
  digest = "1:ffe9824d294da03b391f44e1ae8281281b4afc1bdaa9588c9097785e3af10cec"
  name = "github.com/davecgh/go-spew"
  packages = ["spew"]
  pruneopts = "UT"
  revision = "8991bc29aa16c548c550c7ff78260e27b9ab7c73"
  version = "v1.1.1"

[[projects]]
  digest = "1:760b2447d30444b6c2da7f77b677921f095fe19e6ed423b2edc1cd47a8507789"
  name = "github.com/gogo/protobuf"
  packages = [
    "io",
    "proto",
  ]
  pruneopts = "UT"
  revision = "ba06b47c162d49f2af050fb4c75bcbc86a159d5c"
  version = "v1.2.1"

[[projects]]
  digest = "1:582b704bebaa06b48c29b0cec224a6058a09c86883aaddabde889cd1a5f73e1b"
  name = "github.com/google/uuid"
  packages = ["."]
  pruneopts = "UT"
  revision = "0cd6bf5da1e1c83f8b45653022c74f71af0538a4"
  version = "v1.1.1"

[[projects]]
  digest = "1:b117faf01abdbdadd7b8ceeae74cd1369c1b073fef41aee8b674c9d704a54c16"
  name = "github.com/gorilla/handlers"
  packages = ["."]
  pruneopts = "UT"
  revision = "8a3748addc242fc560bd6d4ff28b0374c010b1b4"
  version = "v1.4.2"

[[projects]]
  digest = "1:cbec35fe4d5a4fba369a656a8cd65e244ea2c743007d8f6c1ccb132acf9d1296"
  name = "github.com/gorilla/mux"
  packages = ["."]
  pruneopts = "UT"
  revision = "00bdffe0f3c77e27d2cf6f5c70232a2d3e4d9c15"
  version = "v1.7.3"

[[projects]]
  digest = "1:7b5c6e2eeaa9ae5907c391a91c132abfd5c9e8a784a341b5625e750c67e6825d"
  name = "github.com/gorilla/websocket"
  packages = ["."]
  pruneopts = "UT"
  revision = "66b9c49e59c6c48f0ffce28c2d8b8a5678502c6d"
  version = "v1.4.0"

[[projects]]
  digest = "1:c00cc6d95a674b4b923ac069d364445043bc67836e9bd8aeff8440cfbe6a2cc7"
  name = "github.com/huin/goupnp"
  packages = [
    ".",
    "dcps/internetgateway1",
    "dcps/internetgateway2",
    "httpu",
    "scpd",
    "soap",
    "ssdp",
  ]
  pruneopts = "UT"
  revision = "656e61dfadd241c7cbdd22a023fa81ecb6860ea8"
  version = "v1.0.0"

[[projects]]
  digest = "1:19585338f4a1bde53952e23367e0c613513524a76f3b5de0ea5f1793dc0cedec"
  name = "github.com/ipfs/go-cid"
  packages = ["."]
  pruneopts = "UT"
  revision = "9bb7ea69202c6c9553479eb355ab8a8a97d43a2e"
  version = "v0.0.3"

[[projects]]
  digest = "1:0b4439ae69776549e6489b261f66894a1390140dad53f1c3b1fbfc074478590d"
  name = "github.com/ipfs/go-ipfs-util"
  packages = ["."]
  pruneopts = "UT"
  revision = "a4bb5361e49427531f9a716ead2ce4bd9bdd7959"
  version = "v0.0.1"

[[projects]]
  digest = "1:e8c78569402b8dcf846924dea6eb27b1de135c9a53d7adbd2629250ef66c021a"
  name = "github.com/ipfs/go-log"
  packages = [
    ".",
    "tracer",
    "tracer/wire",
    "writer",
  ]
  pruneopts = "UT"
  revision = "91b837264c0f35dd4e2be341d711316b91d3573d"
  version = "v0.0.1"

[[projects]]
  digest = "1:b352ae8b1a77cc6b48fc8e314e34a522cfc76d6ca3a06c93b29c9cde5de6771e"
  name = "github.com/jackpal/gateway"
  packages = ["."]
  pruneopts = "UT"
  revision = "cbcf4e3f3baee7952fc386c8b2534af4d267c875"
  version = "v1.0.5"

[[projects]]
  digest = "1:32b82e71cf24f8b78323e0d7903c4b90278486283965aa2a19b1ea13763b8f34"
  name = "github.com/jackpal/go-nat-pmp"
  packages = ["."]
  pruneopts = "UT"
  revision = "c9cfead9f2a36ddf3daa40ba269aa7f4bbba6b62"
  version = "v1.0.1"

[[projects]]
  branch = "master"
  digest = "1:8f4aedc183dc8dfef9a7a1f1ba205dc87ecd2675eea350a736bda889e3bcf8ea"
  name = "github.com/jbenet/go-temp-err-catcher"
  packages = ["."]
  pruneopts = "UT"
  revision = "aac704a3f4f27190b4ccc05f303a4931fd1241ff"

[[projects]]
  digest = "1:ee4b434dc3622e5c25a611ce314d40dd724495f27968797a2589a4d89eeed7eb"
  name = "github.com/jbenet/goprocess"
  packages = [
    ".",
    "context",
    "periodic",
    "ratelimit",
  ]
  pruneopts = "UT"
  revision = "7f9d9ed286badffcf2122cfeb383ec37daf92508"
  version = "v0.1.3"

[[projects]]
  digest = "1:ecd9aa82687cf31d1585d4ac61d0ba180e42e8a6182b85bd785fcca8dfeefc1b"
  name = "github.com/joho/godotenv"
  packages = ["."]
  pruneopts = "UT"
  revision = "23d116af351c84513e1946b527c88823e476be13"
  version = "v1.3.0"

[[projects]]
  digest = "1:58ad79834dc097c36a857a8c325d646af0a8bbd73375a6958a639507c5399a61"
  name = "github.com/koron/go-ssdp"
  packages = ["."]
  pruneopts = "UT"
  revision = "6d1709049dead37ead37808479f88c9bffa2c4d6"
  version = "v0.1"

[[projects]]
  digest = "1:483fcb9b21a758b47501f8880628b85aa3c4e99e33166867d06fa278965c66b2"
  name = "github.com/libp2p/go-addr-util"
  packages = ["."]
  pruneopts = "UT"
  revision = "4cd36c0f325f9e38f1e31ff7a10b9d94d53a11cf"
  version = "v0.0.1"

[[projects]]
  digest = "1:b18a269f11ff51135d6f82987dbb53288f4d66098a6639b429f4f494a910155b"
  name = "github.com/libp2p/go-buffer-pool"
  packages = ["."]
  pruneopts = "UT"
  revision = "c4a5988a1e475884367015e1a2d0bd5fa4c491f4"
  version = "v0.0.2"

[[projects]]
  digest = "1:041a5219e2f0c1fa2af5d25aee6970600ba2ac055ba386c18cfe960d392df3db"
  name = "github.com/libp2p/go-conn-security-multistream"
  packages = ["."]
  pruneopts = "UT"
  revision = "09b4134a655b5fc883a5bdd62ea12db6e0a1b095"
  version = "v0.1.0"

[[projects]]
  digest = "1:b4832a8b2e39da71a088a001c25e5e2cf5298519b0bcdfb26f04ac43da406437"
  name = "github.com/libp2p/go-eventbus"
  packages = ["."]
  pruneopts = "UT"
  revision = "d34a18eba211bd65b32a4a7a06390fc441257cbd"
  version = "v0.1.0"

[[projects]]
  digest = "1:83d3d59c84ff3da342ab63011d79750ccb987bda399eb64db3abd3e2fd32c18f"
  name = "github.com/libp2p/go-flow-metrics"
  packages = ["."]
  pruneopts = "UT"
  revision = "1f5b3acc846b2c8ce4c4e713296af74f5c24df55"
  version = "v0.0.1"

[[projects]]
  digest = "1:03c4382bfd9f7af55959d5cb0199aead9a6200cffbb0f6e64217c64d552d45c6"
  name = "github.com/libp2p/go-libp2p"
  packages = [
    ".",
    "config",
    "p2p/host/basic",
    "p2p/host/relay",
    "p2p/host/routed",
    "p2p/protocol/identify",
    "p2p/protocol/identify/pb",
    "p2p/protocol/ping",
  ]
  pruneopts = "UT"
  revision = "071f7de0736eda0f57cc3b5643ca65af364cd01f"
  version = "v0.3.0"

[[projects]]
  digest = "1:9a8251be38a87690510affa2e2fb04799a066b8ef49edc25a6acd30760d40792"
  name = "github.com/libp2p/go-libp2p-autonat"
  packages = [
    ".",
    "pb",
  ]
  pruneopts = "UT"
  revision = "3464f9b4f7bfbd7bb008813eacb626c7ab7fb9a3"
  version = "v0.1.0"

[[projects]]
  digest = "1:7ad7340f9b43cabf2ad2461d99d3bab2a19e61f92f314c67eecc73b5c79a3f7d"
  name = "github.com/libp2p/go-libp2p-circuit"
  packages = [
    ".",
    "pb",
  ]
  pruneopts = "UT"
  revision = "03491354d59e3025f1807236d55fe0ec7b82cd15"
  version = "v0.1.1"

[[projects]]
  digest = "1:6ae0d1dae164bf91ec0a9b8f14c7713860b433b828eee0f3506a292631854a1b"
  name = "github.com/libp2p/go-libp2p-core"
  packages = [
    "connmgr",
    "crypto",
    "crypto/pb",
    "discovery",
    "event",
    "helpers",
    "host",
    "metrics",
    "mux",
    "network",
    "peer",
    "peerstore",
    "pnet",
    "protocol",
    "routing",
    "sec",
    "sec/insecure",
    "sec/insecure/pb",
    "transport",
  ]
  pruneopts = "UT"
  revision = "d204016fc64589d0ec2ba965dd686d768d7ab34a"
  version = "v0.2.2"

[[projects]]
  digest = "1:35caf66f415bddda628d9410a20a6bcd8ac3deebbda33de1220d3f7ee3a14ccd"
  name = "github.com/libp2p/go-libp2p-crypto"
  packages = ["."]
  pruneopts = "UT"
  revision = "ddb6d72b5ad0ae81bf1ee77b628eac1d7237536a"
  version = "v0.1.0"

[[projects]]
  digest = "1:0333065da4682126d7c1aa07dd11d94accc3b93b48945ebb7f6a921e2f6b0db2"
  name = "github.com/libp2p/go-libp2p-discovery"
  packages = ["."]
  pruneopts = "UT"
  revision = "d248d63b0af8c023307da18ad7000a12020e06f0"
  version = "v0.1.0"

[[projects]]
  digest = "1:565f3c89a166196b63341820302d631bd0cd0297a2e707a3541b9c208e88347d"
  name = "github.com/libp2p/go-libp2p-host"
  packages = ["."]
  pruneopts = "UT"
  revision = "fb741ff65522f904e7d46f527c9a823f32346f83"
  version = "v0.1.0"

[[projects]]
  digest = "1:645c5ab1429b06141e0d22852df9561e04b3759380f6657f0b510a30eef83665"
  name = "github.com/libp2p/go-libp2p-loggables"
  packages = ["."]
  pruneopts = "UT"
  revision = "814642b01726ff6f9302e8ce9eeeb00d25409520"
  version = "v0.1.0"

[[projects]]
  digest = "1:714ce7cff748910cfc250713300d24ece7d4832156ba7a245e7ac5fc810c7319"
  name = "github.com/libp2p/go-libp2p-mplex"
  packages = ["."]
  pruneopts = "UT"
  revision = "811729f15f0af13fe3f0d9e410c22f6a4bc5c686"
  version = "v0.2.1"

[[projects]]
  digest = "1:4614c7d351b9cc24ef6457107fad9830664615bb7d7de91de10c4a4ab1919545"
  name = "github.com/libp2p/go-libp2p-nat"
  packages = ["."]
  pruneopts = "UT"
  revision = "c50c291a61bceccb914366d93eb24f58594e9134"
  version = "v0.0.4"

[[projects]]
  digest = "1:701ec33b69a911b047ffce8285e00b2b297c1e3eea0484776e7e90c84d4d12f9"
  name = "github.com/libp2p/go-libp2p-net"
  packages = ["."]
  pruneopts = "UT"
  revision = "e8fc79d2ba74e10b386a79ba9176b88680f8acb0"
  version = "v0.1.0"

[[projects]]
  digest = "1:79d1cf3e88f9ae667c30039cc37a6ad0be8bf0fa9b5359b572253de74b24c644"
  name = "github.com/libp2p/go-libp2p-peer"
  packages = ["."]
  pruneopts = "UT"
  revision = "62676d8fb785a8fc279878cbe8e03b878f005910"
  version = "v0.2.0"

[[projects]]
  digest = "1:8afdfbd9f98998e69f833d414f34e8eced0d105d102efd43bba78d5bc9c5c06c"
  name = "github.com/libp2p/go-libp2p-peerstore"
  packages = [
    ".",
    "addr",
    "pstoremem",
  ]
  pruneopts = "UT"
  revision = "f4c9af195c69379f1cf284dba31985482a56f78e"
  version = "v0.1.3"

[[projects]]
  digest = "1:610cfdab8af216ef4033a55d39f42ec1aaef8775c308b8ee49d6aeb637f08100"
  name = "github.com/libp2p/go-libp2p-secio"
  packages = [
    ".",
    "pb",
  ]
  pruneopts = "UT"
  revision = "7c3f577d99debb69c3b68be35fe14d9445a6569c"
  version = "v0.2.0"

[[projects]]
  digest = "1:71d9786d259386bf1e6824b0554ad7c476ec4295410d523031bc05ec25f9f36b"
  name = "github.com/libp2p/go-libp2p-swarm"
  packages = ["."]
  pruneopts = "UT"
  revision = "bfc3909f54afa1cf5ac4fb4822108705f068f304"
  version = "v0.2.1"

[[projects]]
  digest = "1:2fcb80000123d80148ce210a053a226d52dc891419905d7ff076c164825da50d"
  name = "github.com/libp2p/go-libp2p-transport-upgrader"
  packages = ["."]
  pruneopts = "UT"
  revision = "07ed92ccf9aba3a2e4b2fddc4c17ced060524922"
  version = "v0.1.1"

[[projects]]
  digest = "1:c476d8c20126fdc217055de367da2a8c4d78da52bf0818dedd6c92e87795021c"
  name = "github.com/libp2p/go-libp2p-yamux"
  packages = ["."]
  pruneopts = "UT"
  revision = "a61e80cb5770aa0d9b1bafe94da1278f58baa2c5"
  version = "v0.2.1"

[[projects]]
  digest = "1:da5210a8d4351f2a89d4c051d6faa3515f9c5330656c2ad53c915c63297c69b2"
  name = "github.com/libp2p/go-maddr-filter"
  packages = ["."]
  pruneopts = "UT"
  revision = "4d5679194bce9c87a81d3b9948a4b5edd5ddc094"
  version = "v0.0.5"

[[projects]]
  digest = "1:fd01fc96631a63d323f17fcbd64161804439855404b9405db14deacba9e1b69c"
  name = "github.com/libp2p/go-mplex"
  packages = ["."]
  pruneopts = "UT"
  revision = "62fe9554facaec3f80333b61ea8d694fe615705f"
  version = "v0.1.0"

[[projects]]
  digest = "1:c9e9340913c74e8a3e93cbf8e60d93563ac780ea3ea0cd77a4ff501e6d0c18aa"
  name = "github.com/libp2p/go-msgio"
  packages = ["."]
  pruneopts = "UT"
  revision = "9142103f7d8dc5a74a91116b8f927fe8d8bf4a96"
  version = "v0.0.4"

[[projects]]
  digest = "1:82e0411449d8af0c34e200cd6b90e70689d692d17f836906194fa9fc28692e80"
  name = "github.com/libp2p/go-nat"
  packages = ["."]
  pruneopts = "UT"
  revision = "d13fdefb3bbb2fde2c6fc090a7ea992cec8b26df"
  version = "v0.0.3"

[[projects]]
  digest = "1:3af2c593e383d5335067854e8ecad0f2149329ef4c737718c358682bc3e1a48f"
  name = "github.com/libp2p/go-openssl"
  packages = [
    ".",
    "utils",
  ]
  pruneopts = "UT"
  revision = "3d5df67ba7ee392569fadc2307d4c00dc8169470"
  version = "v0.0.2"

[[projects]]
  digest = "1:3218d9edf75d814d2994ce4b14fae01c657a3284af84522efcc8dee89806f4ca"
  name = "github.com/libp2p/go-reuseport"
  packages = ["."]
  pruneopts = "UT"
  revision = "3e6d618acfdfacbbeff71cb2bd70fc188f897a0f"
  version = "v0.0.1"

[[projects]]
  digest = "1:bf12fbd51fb864c9e2cb688581d3c14551a8c3d1c2fa60c9ad405c532e1b9d42"
  name = "github.com/libp2p/go-reuseport-transport"
  packages = ["."]
  pruneopts = "UT"
  revision = "c7583c88df654a2ecd621e863f661783d79b64d1"
  version = "v0.0.2"

[[projects]]
  digest = "1:58a6c4b9e52e298228703f9bf480d65c40ede7152a9ad17aa1eafe618ed0b43a"
  name = "github.com/libp2p/go-stream-muxer-multistream"
  packages = ["."]
  pruneopts = "UT"
  revision = "2439b02deee2de8bb1fe24473d3d8333008a714a"
  version = "v0.2.0"

[[projects]]
  digest = "1:ac5ce11098023fcf8164307727a2b99d69e2bb84a3b1f4bc3e1d10fd72f9bdbd"
  name = "github.com/libp2p/go-tcp-transport"
  packages = ["."]
  pruneopts = "UT"
  revision = "415627e90148700bf97890e54b193a42125c3b66"
  version = "v0.1.0"

[[projects]]
  digest = "1:b1436d41d493ff2d51052838e0415c26366314febead5051f732f5c98e3729f1"
  name = "github.com/libp2p/go-ws-transport"
  packages = ["."]
  pruneopts = "UT"
  revision = "6efd965516262a6b6e46ea987b94904ef13e59bc"
  version = "v0.1.0"

[[projects]]
  digest = "1:64fdef1e970d17504d960d18412125e85ca620703e495105b3fbffee27acf568"
  name = "github.com/libp2p/go-yamux"
  packages = ["."]
  pruneopts = "UT"
  revision = "663972181d409e7263040f0b668462f87c85e1bd"
  version = "v1.2.3"

[[projects]]
  digest = "1:7c084e0e780596dd2a7e20d25803909a9a43689c153de953520dfbc0b0e51166"
  name = "github.com/mattn/go-colorable"
  packages = ["."]
  pruneopts = "UT"
  revision = "8029fb3788e5a4a9c00e415f586a6d033f5d38b3"
  version = "v0.1.2"

[[projects]]
  digest = "1:36325ebb862e0382f2f14feef409ba9351271b89ada286ae56836c603d43b59c"
  name = "github.com/mattn/go-isatty"
  packages = ["."]
  pruneopts = "UT"
  revision = "e1f7b56ace729e4a73a29a6b4fac6cd5fcda7ab3"
  version = "v0.0.9"

[[projects]]
  branch = "master"
  digest = "1:130cefe87d7eeefc824978dcb78e35672d4c49a11f25c153fbf0cfd952756fa3"
  name = "github.com/minio/blake2b-simd"
  packages = ["."]
  pruneopts = "UT"
  revision = "3f5f724cb5b182a5c278d6d3d55b40e7f8c2efb4"

[[projects]]
  digest = "1:d69117243f58a0d320c2889872d8c14d323d865277dc49fc85bfcf48b2846b8f"
  name = "github.com/minio/sha256-simd"
  packages = ["."]
  pruneopts = "UT"
  revision = "05b4dd3047e5d6e86cb4e0477164b850cd896261"
  version = "v0.1.0"

[[projects]]
  digest = "1:b6299badabd66eaede0651e2eaede106d8298b25564e4a7f23e335471d3e5a35"
  name = "github.com/mr-tron/base58"
  packages = ["base58"]
  pruneopts = "UT"
  revision = "d504ab2e22d97cb9f10b1d146a1e6a063f4a5f43"
  version = "v1.1.2"

[[projects]]
  digest = "1:b9fe622bbadbb060338620752b1cb3aa1473855071195ebe83813af5ebb3629b"
  name = "github.com/multiformats/go-base32"
  packages = ["."]
  pruneopts = "UT"
  revision = "a9c2755c3d1672dbe6a7e4a5d182169fa30b6a8e"
  version = "v0.0.3"

[[projects]]
  digest = "1:c95537699dfc9ecc62c2bb273fd2fdf5810ce23ed50f25529c17f755a052a7c3"
  name = "github.com/multiformats/go-multiaddr"
  packages = ["."]
  pruneopts = "UT"
  revision = "5b1de2f51ff2368d5ce94a659f15ef26be273cd0"
  version = "v0.0.4"

[[projects]]
  digest = "1:65af5b69e5762a2d6994976987442a0830c98d2a8ffbdd1c899443b4b0c0942e"
  name = "github.com/multiformats/go-multiaddr-dns"
  packages = ["."]
  pruneopts = "UT"
  revision = "3974bf3f84c52825588fdcc0fd0e0aa7953ab5ff"
  version = "v0.0.3"

[[projects]]
  digest = "1:1275cf8587ba416c439453ee4b194b803270b836831c487b3da3cf9d82f58bb7"
  name = "github.com/multiformats/go-multiaddr-fmt"
  packages = ["."]
  pruneopts = "UT"
  revision = "7d8102a98552c80f8a5ccb9c01e670fac17fd6df"
  version = "v0.0.1"

[[projects]]
  digest = "1:ccb950e76138c70abe765c3b9c0e6cad0e55fc66ff53318cea8b651df9f892c7"
  name = "github.com/multiformats/go-multiaddr-net"
  packages = ["."]
  pruneopts = "UT"
  revision = "bd61b0499a3cfc893a8eb109c5669342b1671881"
  version = "v0.0.1"

[[projects]]
  digest = "1:8f2a32f6d211bf2685d5c47ace5d6b59bd4359f69e92b632793d066129a65c4e"
  name = "github.com/multiformats/go-multibase"
  packages = ["."]
  pruneopts = "UT"
  revision = "d63641945dc1749baa23686ad0564ad63fef0493"
  version = "v0.0.1"

[[projects]]
  digest = "1:515ea89472816dface9b7d92c915be876b8c95920e6a4f2d61e59f19b09b48e1"
  name = "github.com/multiformats/go-multihash"
  packages = ["."]
  pruneopts = "UT"
  revision = "64ffd94071a5bc58130ea88fd8404408aef993f2"
  version = "v0.0.7"

[[projects]]
  digest = "1:026ef80e6db7432132c7687d23b465e0c4bdb47a4aed893ee4b7d528a0550059"
  name = "github.com/multiformats/go-multistream"
  packages = ["."]
  pruneopts = "UT"
  revision = "039807e4901c4b2041f40a0e4aa32d72939608aa"
  version = "v0.1.0"

[[projects]]
  digest = "1:11e62d6050198055e6cd87ed57e5d8c669e84f839c16e16f192374d913d1a70d"
  name = "github.com/opentracing/opentracing-go"
  packages = [
    ".",
    "ext",
    "log",
  ]
  pruneopts = "UT"
  revision = "659c90643e714681897ec2521c60567dd21da733"
  version = "v1.1.0"

[[projects]]
  digest = "1:cf31692c14422fa27c83a05292eb5cbe0fb2775972e8f1f8446a71549bd8980b"
  name = "github.com/pkg/errors"
  packages = ["."]
  pruneopts = "UT"
  revision = "ba968bfe8b2f7e042a574c888954fccecfa385b4"
  version = "v0.8.1"

[[projects]]
  branch = "master"
  digest = "1:d6956eb95db39859627c18e1dd425b2ddd1a0d6000b643a4d4ada8fc887c1e09"
  name = "github.com/spacemonkeygo/spacelog"
  packages = ["."]
  pruneopts = "UT"
  revision = "2296661a0572a51438413369004fa931c2641923"

[[projects]]
  digest = "1:919bb3aa6d9d0b67648c219fa4925312bc3c2872da19e818fa769e9c97a2b643"
  name = "github.com/spaolacci/murmur3"
  packages = ["."]
  pruneopts = "UT"
  revision = "9f5d223c60793748f04a9d5b4b4eacddfc1f755d"
  version = "v1.1"

[[projects]]
  branch = "master"
  digest = "1:0102dfa2f98777db8ff68c920bef1be3ff8504e90485b6cdd24d61b981b487b6"
  name = "github.com/whyrusleeping/go-logging"
  packages = ["."]
  pruneopts = "UT"
  revision = "0457bb6b88fc1973573aaf6b5145d8d3ae972390"

[[projects]]
  branch = "master"
  digest = "1:94796f9decedb46b17985693cbe996ce3642a991f0efcf7bf9a6c5197da3eefc"
  name = "github.com/whyrusleeping/go-notifier"
  packages = ["."]
  pruneopts = "UT"
  revision = "097c5d47330ff6a823f67e3515faa13566a62c6f"

[[projects]]
  digest = "1:6c96967502c55c555abfe560f561a124951345e713a8e87cc6e2c214976e6e75"
  name = "github.com/whyrusleeping/mafmt"
  packages = ["."]
  pruneopts = "UT"
  revision = "7aa7fad2ede4e7157818e3e7af5061f866a9ae23"
  version = "v1.2.8"

[[projects]]
  branch = "master"
  digest = "1:94b933c1b26f1da25d25a089937d15987170a0a54109aa521a111345c3e84581"
  name = "github.com/whyrusleeping/multiaddr-filter"
  packages = ["."]
  pruneopts = "UT"
  revision = "e903e4adabd70b78bc9293b6ee4f359afb3f9f59"

[[projects]]
  digest = "1:0509a2e8721ffedf3c03ebed1ac8eda633b8f4ee812d5edcac5c5d77eaeb7f0d"
  name = "go.opencensus.io"
  packages = [
    "internal/tagencoding",
    "metric/metricdata",
    "metric/metricproducer",
    "resource",
    "stats",
    "stats/internal",
    "stats/view",
    "tag",
  ]
  pruneopts = "UT"
  revision = "9c377598961b706d1542bd2d84d538b5094d596e"
  version = "v0.22.0"

[[projects]]
  branch = "master"
  digest = "1:7744eb2bd3e941cda722523c3dee04e9744cd48b16aaf3a986e07b21026cc6c3"
  name = "golang.org/x/crypto"
  packages = [
    "blake2s",
    "ed25519",
    "ed25519/internal/edwards25519",
    "sha3",
  ]
  pruneopts = "UT"
  revision = "60c769a6c58655dab1b9adac0d58967dd517cfba"

[[projects]]
  branch = "master"
  digest = "1:25cf7c515ad2f67103b324618cb60f08245904283a6bfd35fee09ea864c412ba"
  name = "golang.org/x/net"
  packages = [
    "bpf",
    "html",
    "html/atom",
    "html/charset",
    "internal/iana",
    "internal/socket",
    "ipv4",
  ]
  pruneopts = "UT"
  revision = "74dc4d7220e7acc4e100824340f3e66577424772"

[[projects]]
  branch = "master"
  digest = "1:6c97b4baa9cf774b42192e23632afc7dee7b899d4a3dc98057d24708ce1f60ac"
  name = "golang.org/x/sys"
  packages = [
    "cpu",
    "unix",
    "windows",
  ]
  pruneopts = "UT"
  revision = "fde4db37ae7ad8191b03d30d27f258b5291ae4e3"

[[projects]]
  digest = "1:8a0baffd5559acaa560f854d7d525c02f4fec2d4f8a214398556fb661a10f6e0"
  name = "golang.org/x/text"
  packages = [
    "encoding",
    "encoding/charmap",
    "encoding/htmlindex",
    "encoding/internal",
    "encoding/internal/identifier",
    "encoding/japanese",
    "encoding/korean",
    "encoding/simplifiedchinese",
    "encoding/traditionalchinese",
    "encoding/unicode",
    "internal/gen",
    "internal/language",
    "internal/language/compact",
    "internal/tag",
    "internal/utf8internal",
    "language",
    "runes",
    "transform",
    "unicode/cldr",
  ]
  pruneopts = "UT"
  revision = "342b2e1fbaa52c93f31447ad2c6abc048c63e475"
  version = "v0.3.2"

[solve-meta]
  analyzer-name = "dep"
  analyzer-version = 1
  input-imports = [
    "github.com/davecgh/go-spew/spew",
    "github.com/gorilla/handlers",
    "github.com/gorilla/mux",
    "github.com/ipfs/go-log",
    "github.com/joho/godotenv",
    "github.com/libp2p/go-libp2p",
    "github.com/libp2p/go-libp2p-crypto",
    "github.com/libp2p/go-libp2p-host",
    "github.com/libp2p/go-libp2p-net",
    "github.com/libp2p/go-libp2p-peer",
    "github.com/libp2p/go-libp2p-peerstore",
    "github.com/multiformats/go-multiaddr",
    "github.com/whyrusleeping/go-logging",
  ]
  solver-name = "gps-cdcl"
  solver-version = 1
